
Microsoft Visual Studio Solution File, Format Version 12.00
# Visual Studio Version 17
VisualStudioVersion = 17.7.34202.233
MinimumVisualStudioVersion = 10.0.40219.1
Project("{FAE04EC0-301F-11D3-BF4B-00C04F79EFBC}") = "SPM Assignment Ngee Ann City", "SPM Assignment Ngee Ann City\SPM Assignment Ngee Ann City.csproj", "{7FB6F271-465E-4239-96EA-73835EF89ACC}"
EndProject
Global
	GlobalSection(SolutionConfigurationPlatforms) = preSolution
		Debug|Any CPU = Debug|Any CPU
		Release|Any CPU = Release|Any CPU
	EndGlobalSection
	GlobalSection(ProjectConfigurationPlatforms) = postSolution
		{7FB6F271-465E-4239-96EA-73835EF89ACC}.Debug|Any CPU.ActiveCfg = Debug|Any CPU
		{7FB6F271-465E-4239-96EA-73835EF89ACC}.Debug|Any CPU.Build.0 = Debug|Any CPU
		{7FB6F271-465E-4239-96EA-73835EF89ACC}.Release|Any CPU.ActiveCfg = Release|Any CPU
		{7FB6F271-465E-4239-96EA-73835EF89ACC}.Release|Any CPU.Build.0 = Release|Any CPU
	EndGlobalSection
	GlobalSection(SolutionProperties) = preSolution
		HideSolutionNode = FALSE
	EndGlobalSection
	GlobalSection(ExtensibilityGlobals) = postSolution
		SolutionGuid = {0A79C5C2-0D98-4CFE-906A-66AB987F690E}
	EndGlobalSection
EndGlobal
